<?xml version="1.0" encoding="utf-8"?>
<Project ToolsVersion="4.0" xmlns="http://schemas.microsoft.com/developer/msbuild/2003">
  <ItemGroup>
    <Filter Include="Source Files">
      <UniqueIdentifier>{4FC737F1-C7A5-4376-A066-2A32D752A2FF}</UniqueIdentifier>
      <Extensions>cpp;cxx;c;def</Extensions>
    </Filter>
    <Filter Include="Header Files">
      <UniqueIdentifier>{93995380-89BD-4b04-88EB-625FBE52EBFB}</UniqueIdentifier>
      <Extensions>h</Extensions>
    </Filter>
    <Filter Include="Form Files">
      <UniqueIdentifier>{99349809-55BA-4b9d-BF79-8FDBB0286EB3}</UniqueIdentifier>
      <Extensions>ui</Extensions>
    </Filter>
    <Filter Include="Resource Files">
      <UniqueIdentifier>{D9D6E242-F8AF-46E4-B9FD-80ECBC20BA3E}</UniqueIdentifier>
      <Extensions>qrc;*</Extensions>
      <ParseFiles>false</ParseFiles>
    </Filter>
    <Filter Include="Generated Files">
      <UniqueIdentifier>{71ED8ED8-ACB9-4CE9-BBE1-E00B30144E11}</UniqueIdentifier>
      <Extensions>moc;h;cpp</Extensions>
      <SourceControlFiles>False</SourceControlFiles>
    </Filter>
    <Filter Include="Generated Files\Debug">
      <UniqueIdentifier>{27d4b391-0fd1-40c1-b4a2-23ba364e26e6}</UniqueIdentifier>
      <Extensions>cpp;moc</Extensions>
      <SourceControlFiles>False</SourceControlFiles>
    </Filter>
    <Filter Include="Generated Files\Release">
      <UniqueIdentifier>{9769cf95-0bde-46e6-9ffa-8656e7c23830}</UniqueIdentifier>
      <Extensions>cpp;moc</Extensions>
      <SourceControlFiles>False</SourceControlFiles>
    </Filter>
    <Filter Include="Source Files\dm">
      <UniqueIdentifier>{484a7218-c1b8-41cf-8bbb-b6394f70833e}</UniqueIdentifier>
    </Filter>
    <Filter Include="Header Files\dm">
      <UniqueIdentifier>{1b1aeb78-d101-446f-ba7c-cf7a55b5c1be}</UniqueIdentifier>
    </Filter>
    <Filter Include="Header Files\util">
      <UniqueIdentifier>{aa959607-49a0-454a-bf5f-f14f29af52a8}</UniqueIdentifier>
    </Filter>
  </ItemGroup>
  <ItemGroup>
    <ClCompile Include="main.cpp">
      <Filter>Source Files</Filter>
    </ClCompile>
    <ClCompile Include="GeneratedFiles\qrc_featuretracking.cpp">
      <Filter>Generated Files</Filter>
    </ClCompile>
    <ClCompile Include="src\dm\PosCalculator.cpp">
      <Filter>Source Files\dm</Filter>
    </ClCompile>
    <ClCompile Include="src\dm\Volume.cpp">
      <Filter>Source Files\dm</Filter>
    </ClCompile>
    <ClCompile Include="src\util\func.color.cpp">
      <Filter>Header Files\util</Filter>
    </ClCompile>
    <ClCompile Include="src\util\func.matrix.cpp">
      <Filter>Header Files\util</Filter>
    </ClCompile>
    <ClCompile Include="src\util\Functions.cpp">
      <Filter>Header Files\util</Filter>
    </ClCompile>
    <ClCompile Include="src\util\log.cc">
      <Filter>Header Files\util</Filter>
    </ClCompile>
    <ClCompile Include="src\util\observer.cpp">
      <Filter>Header Files\util</Filter>
    </ClCompile>
    <ClCompile Include="src\util\Quaternion.cpp">
      <Filter>Header Files\util</Filter>
    </ClCompile>
    <ClCompile Include="src\dm\dag.cpp">
      <Filter>Source Files\dm</Filter>
    </ClCompile>
    <ClCompile Include="GeneratedFiles\Debug\moc_featuretracking.cpp">
      <Filter>Generated Files\Debug</Filter>
    </ClCompile>
    <ClCompile Include="GeneratedFiles\Release\moc_featuretracking.cpp">
      <Filter>Generated Files\Release</Filter>
    </ClCompile>
    <ClCompile Include="featuretracking.cpp">
      <Filter>Source Files</Filter>
    </ClCompile>
    <ClCompile Include="src\dm\GradientCalculator.cpp">
      <Filter>Source Files\dm</Filter>
    </ClCompile>
  </ItemGroup>
  <ItemGroup>
    <CustomBuild Include="featuretracking.qrc">
      <Filter>Resource Files</Filter>
    </CustomBuild>
    <CustomBuild Include="src\dm\dag.h">
      <Filter>Header Files\dm</Filter>
    </CustomBuild>
    <CustomBuild Include="featuretracking.ui">
      <Filter>Form Files</Filter>
    </CustomBuild>
    <CustomBuild Include="featuretracking.h">
      <Filter>Header Files</Filter>
    </CustomBuild>
  </ItemGroup>
  <ItemGroup>
    <ClInclude Include="src\dm\PosCalculator.h">
      <Filter>Header Files\dm</Filter>
    </ClInclude>
    <ClInclude Include="src\dm\Volume.h">
      <Filter>Header Files\dm</Filter>
    </ClInclude>
    <ClInclude Include="src\dm\VolumeMeta.h">
      <Filter>Header Files\dm</Filter>
    </ClInclude>
    <ClInclude Include="src\util\func.color.h">
      <Filter>Header Files\util</Filter>
    </ClInclude>
    <ClInclude Include="src\util\func.math.h">
      <Filter>Header Files\util</Filter>
    </ClInclude>
    <ClInclude Include="src\util\func.matrix.h">
      <Filter>Header Files\util</Filter>
    </ClInclude>
    <ClInclude Include="src\util\Functions.h">
      <Filter>Header Files\util</Filter>
    </ClInclude>
    <ClInclude Include="src\util\log.h">
      <Filter>Header Files\util</Filter>
    </ClInclude>
    <ClInclude Include="src\util\matrix2.h">
      <Filter>Header Files\util</Filter>
    </ClInclude>
    <ClInclude Include="src\util\matrix3.h">
      <Filter>Header Files\util</Filter>
    </ClInclude>
    <ClInclude Include="src\util\matrix4.h">
      <Filter>Header Files\util</Filter>
    </ClInclude>
    <ClInclude Include="src\util\observer.h">
      <Filter>Header Files\util</Filter>
    </ClInclude>
    <ClInclude Include="src\util\Quaternion.h">
      <Filter>Header Files\util</Filter>
    </ClInclude>
    <ClInclude Include="src\util\util.h">
      <Filter>Header Files\util</Filter>
    </ClInclude>
    <ClInclude Include="src\util\Vector2.h">
      <Filter>Header Files\util</Filter>
    </ClInclude>
    <ClInclude Include="src\util\Vector3.h">
      <Filter>Header Files\util</Filter>
    </ClInclude>
    <ClInclude Include="src\util\Vector4.h">
      <Filter>Header Files\util</Filter>
    </ClInclude>
    <ClInclude Include="GeneratedFiles\ui_featuretracking.h">
      <Filter>Generated Files</Filter>
    </ClInclude>
    <ClInclude Include="src\dm\GradientCalculator.h">
      <Filter>Header Files\dm</Filter>
    </ClInclude>
  </ItemGroup>
</Project>